// !$*UTF8*$!
{
	archiveVersion = 1;
	classes = {
	};
	objectVersion = 50;
	objects = {

/* Begin PBXBuildFile section */
		74A3BB032685E713001C4142 /* LandmarksApp.swift in Sources */ = {isa = PBXBuildFile; fileRef = 74A3BB022685E713001C4142 /* LandmarksApp.swift */; };
		74A3BB052685E713001C4142 /* ContentView.swift in Sources */ = {isa = PBXBuildFile; fileRef = 74A3BB042685E713001C4142 /* ContentView.swift */; };
		74A3BB072685E717001C4142 /* Assets.xcassets in Resources */ = {isa = PBXBuildFile; fileRef = 74A3BB062685E717001C4142 /* Assets.xcassets */; };
		74A3BB0A2685E717001C4142 /* Preview Assets.xcassets in Resources */ = {isa = PBXBuildFile; fileRef = 74A3BB092685E717001C4142 /* Preview Assets.xcassets */; };
		74A3BB122685EDB8001C4142 /* CircleImage.swift in Sources */ = {isa = PBXBuildFile; fileRef = 74A3BB112685EDB8001C4142 /* CircleImage.swift */; };
		74A3BB142685EF30001C4142 /* MapView.swift in Sources */ = {isa = PBXBuildFile; fileRef = 74A3BB132685EF30001C4142 /* MapView.swift */; };
		74A3BB182685F978001C4142 /* landmarkData.json in Resources */ = {isa = PBXBuildFile; fileRef = 74A3BB172685F978001C4142 /* landmarkData.json */; };
		74A3BB1A2685F9AE001C4142 /* Landmark.swift in Sources */ = {isa = PBXBuildFile; fileRef = 74A3BB192685F9AE001C4142 /* Landmark.swift */; };
		74A3BB1C2685FCCD001C4142 /* ModelData.swift in Sources */ = {isa = PBXBuildFile; fileRef = 74A3BB1B2685FCCD001C4142 /* ModelData.swift */; };
		74A3BB212685FFA3001C4142 /* LandmarkRow.swift in Sources */ = {isa = PBXBuildFile; fileRef = 74A3BB202685FFA3001C4142 /* LandmarkRow.swift */; };
		74A3BB23268604B6001C4142 /* LandmarkList.swift in Sources */ = {isa = PBXBuildFile; fileRef = 74A3BB22268604B6001C4142 /* LandmarkList.swift */; };
		74A3BB2526860724001C4142 /* LandmarkDetail.swift in Sources */ = {isa = PBXBuildFile; fileRef = 74A3BB2426860724001C4142 /* LandmarkDetail.swift */; };
		74A3BB2726872E6B001C4142 /* FavoriteButton.swift in Sources */ = {isa = PBXBuildFile; fileRef = 74A3BB2626872E6B001C4142 /* FavoriteButton.swift */; };
		74A3BB62268E0D28001C4142 /* HexagonParameters.swift in Sources */ = {isa = PBXBuildFile; fileRef = 74A3BB61268E0D28001C4142 /* HexagonParameters.swift */; };
		74A3BB64268E0FB9001C4142 /* BadgeBackground.swift in Sources */ = {isa = PBXBuildFile; fileRef = 74A3BB63268E0FB9001C4142 /* BadgeBackground.swift */; };
		74A3BB66268E1E9B001C4142 /* BadgeSymbol.swift in Sources */ = {isa = PBXBuildFile; fileRef = 74A3BB65268E1E9B001C4142 /* BadgeSymbol.swift */; };
		74A3BB68268E224D001C4142 /* RotatedBadgeSymbol.swift in Sources */ = {isa = PBXBuildFile; fileRef = 74A3BB67268E224D001C4142 /* RotatedBadgeSymbol.swift */; };
		74A3BB6A268E2347001C4142 /* Badge.swift in Sources */ = {isa = PBXBuildFile; fileRef = 74A3BB69268E2347001C4142 /* Badge.swift */; };
		74A3BC3B2690B0CB001C4142 /* hikeData.json in Resources */ = {isa = PBXBuildFile; fileRef = 74A3BC3A2690B0CB001C4142 /* hikeData.json */; };
		74A3BC3D2690B0FD001C4142 /* Hike.swift in Sources */ = {isa = PBXBuildFile; fileRef = 74A3BC3C2690B0FD001C4142 /* Hike.swift */; };
		74A3BC432690B309001C4142 /* GraphCapsule.swift in Sources */ = {isa = PBXBuildFile; fileRef = 74A3BC3F2690B309001C4142 /* GraphCapsule.swift */; };
		74A3BC442690B309001C4142 /* HikeGraph.swift in Sources */ = {isa = PBXBuildFile; fileRef = 74A3BC402690B309001C4142 /* HikeGraph.swift */; };
		74A3BC452690B309001C4142 /* HikeDetail.swift in Sources */ = {isa = PBXBuildFile; fileRef = 74A3BC412690B309001C4142 /* HikeDetail.swift */; };
		74A3BC462690B309001C4142 /* HikeView.swift in Sources */ = {isa = PBXBuildFile; fileRef = 74A3BC422690B309001C4142 /* HikeView.swift */; };
/* End PBXBuildFile section */

/* Begin PBXFileReference section */
		74A3BAFF2685E713001C4142 /* Landmarks.app */ = {isa = PBXFileReference; explicitFileType = wrapper.application; includeInIndex = 0; path = Landmarks.app; sourceTree = BUILT_PRODUCTS_DIR; };
		74A3BB022685E713001C4142 /* LandmarksApp.swift */ = {isa = PBXFileReference; lastKnownFileType = sourcecode.swift; path = LandmarksApp.swift; sourceTree = "<group>"; };
		74A3BB042685E713001C4142 /* ContentView.swift */ = {isa = PBXFileReference; lastKnownFileType = sourcecode.swift; path = ContentView.swift; sourceTree = "<group>"; };
		74A3BB062685E717001C4142 /* Assets.xcassets */ = {isa = PBXFileReference; lastKnownFileType = folder.assetcatalog; path = Assets.xcassets; sourceTree = "<group>"; };
		74A3BB092685E717001C4142 /* Preview Assets.xcassets */ = {isa = PBXFileReference; lastKnownFileType = folder.assetcatalog; path = "Preview Assets.xcassets"; sourceTree = "<group>"; };
		74A3BB0B2685E717001C4142 /* Info.plist */ = {isa = PBXFileReference; lastKnownFileType = text.plist.xml; path = Info.plist; sourceTree = "<group>"; };
		74A3BB112685EDB8001C4142 /* CircleImage.swift */ = {isa = PBXFileReference; lastKnownFileType = sourcecode.swift; path = CircleImage.swift; sourceTree = "<group>"; };
		74A3BB132685EF30001C4142 /* MapView.swift */ = {isa = PBXFileReference; lastKnownFileType = sourcecode.swift; path = MapView.swift; sourceTree = "<group>"; };
		74A3BB172685F978001C4142 /* landmarkData.json */ = {isa = PBXFileReference; fileEncoding = 4; lastKnownFileType = text.json; path = landmarkData.json; sourceTree = "<group>"; };
		74A3BB192685F9AE001C4142 /* Landmark.swift */ = {isa = PBXFileReference; lastKnownFileType = sourcecode.swift; path = Landmark.swift; sourceTree = "<group>"; };
		74A3BB1B2685FCCD001C4142 /* ModelData.swift */ = {isa = PBXFileReference; lastKnownFileType = sourcecode.swift; path = ModelData.swift; sourceTree = "<group>"; };
		74A3BB202685FFA3001C4142 /* LandmarkRow.swift */ = {isa = PBXFileReference; lastKnownFileType = sourcecode.swift; path = LandmarkRow.swift; sourceTree = "<group>"; };
		74A3BB22268604B6001C4142 /* LandmarkList.swift */ = {isa = PBXFileReference; lastKnownFileType = sourcecode.swift; path = LandmarkList.swift; sourceTree = "<group>"; };
		74A3BB2426860724001C4142 /* LandmarkDetail.swift */ = {isa = PBXFileReference; lastKnownFileType = sourcecode.swift; path = LandmarkDetail.swift; sourceTree = "<group>"; };
		74A3BB2626872E6B001C4142 /* FavoriteButton.swift */ = {isa = PBXFileReference; lastKnownFileType = sourcecode.swift; path = FavoriteButton.swift; sourceTree = "<group>"; };
		74A3BB61268E0D28001C4142 /* HexagonParameters.swift */ = {isa = PBXFileReference; lastKnownFileType = sourcecode.swift; path = HexagonParameters.swift; sourceTree = "<group>"; };
		74A3BB63268E0FB9001C4142 /* BadgeBackground.swift */ = {isa = PBXFileReference; lastKnownFileType = sourcecode.swift; path = BadgeBackground.swift; sourceTree = "<group>"; };
		74A3BB65268E1E9B001C4142 /* BadgeSymbol.swift */ = {isa = PBXFileReference; lastKnownFileType = sourcecode.swift; path = BadgeSymbol.swift; sourceTree = "<group>"; };
		74A3BB67268E224D001C4142 /* RotatedBadgeSymbol.swift */ = {isa = PBXFileReference; lastKnownFileType = sourcecode.swift; path = RotatedBadgeSymbol.swift; sourceTree = "<group>"; };
		74A3BB69268E2347001C4142 /* Badge.swift */ = {isa = PBXFileReference; lastKnownFileType = sourcecode.swift; path = Badge.swift; sourceTree = "<group>"; };
		74A3BC3A2690B0CB001C4142 /* hikeData.json */ = {isa = PBXFileReference; fileEncoding = 4; lastKnownFileType = text.json; path = hikeData.json; sourceTree = "<group>"; };
		74A3BC3C2690B0FD001C4142 /* Hike.swift */ = {isa = PBXFileReference; lastKnownFileType = sourcecode.swift; path = Hike.swift; sourceTree = "<group>"; };
		74A3BC3F2690B309001C4142 /* GraphCapsule.swift */ = {isa = PBXFileReference; fileEncoding = 4; lastKnownFileType = sourcecode.swift; path = GraphCapsule.swift; sourceTree = "<group>"; };
		74A3BC402690B309001C4142 /* HikeGraph.swift */ = {isa = PBXFileReference; fileEncoding = 4; lastKnownFileType = sourcecode.swift; path = HikeGraph.swift; sourceTree = "<group>"; };
		74A3BC412690B309001C4142 /* HikeDetail.swift */ = {isa = PBXFileReference; fileEncoding = 4; lastKnownFileType = sourcecode.swift; path = HikeDetail.swift; sourceTree = "<group>"; };
		74A3BC422690B309001C4142 /* HikeView.swift */ = {isa = PBXFileReference; fileEncoding = 4; lastKnownFileType = sourcecode.swift; path = HikeView.swift; sourceTree = "<group>"; };
/* End PBXFileReference section */

/* Begin PBXFrameworksBuildPhase section */
		74A3BAFC2685E713001C4142 /* Frameworks */ = {
			isa = PBXFrameworksBuildPhase;
			buildActionMask = 2147483647;
			files = (
			);
			runOnlyForDeploymentPostprocessing = 0;
		};
/* End PBXFrameworksBuildPhase section */

/* Begin PBXGroup section */
		74A3BAF62685E713001C4142 = {
			isa = PBXGroup;
			children = (
				74A3BB012685E713001C4142 /* Landmarks */,
				74A3BB002685E713001C4142 /* Products */,
			);
			sourceTree = "<group>";
		};
		74A3BB002685E713001C4142 /* Products */ = {
			isa = PBXGroup;
			children = (
				74A3BAFF2685E713001C4142 /* Landmarks.app */,
			);
			name = Products;
			sourceTree = "<group>";
		};
		74A3BB012685E713001C4142 /* Landmarks */ = {
			isa = PBXGroup;
			children = (
				74A3BC3A2690B0CB001C4142 /* hikeData.json */,
				74A3BB022685E713001C4142 /* LandmarksApp.swift */,
				74A3BB1D2685FED9001C4142 /* View */,
				74A3BB1E2685FEF4001C4142 /* Model */,
				74A3BB1F2685FF0B001C4142 /* Resources */,
				74A3BB062685E717001C4142 /* Assets.xcassets */,
				74A3BB0B2685E717001C4142 /* Info.plist */,
				74A3BB082685E717001C4142 /* Preview Content */,
			);
			path = Landmarks;
			sourceTree = "<group>";
		};
		74A3BB082685E717001C4142 /* Preview Content */ = {
			isa = PBXGroup;
			children = (
				74A3BB092685E717001C4142 /* Preview Assets.xcassets */,
			);
			path = "Preview Content";
			sourceTree = "<group>";
		};
		74A3BB1D2685FED9001C4142 /* View */ = {
			isa = PBXGroup;
			children = (
				74A3BB042685E713001C4142 /* ContentView.swift */,
				74A3BB6B268E25FF001C4142 /* Bages */,
				74A3BB2926873079001C4142 /* Landmarks */,
				74A3BB282687304E001C4142 /* Helpers */,
			);
			path = View;
			sourceTree = "<group>";
		};
		74A3BB1E2685FEF4001C4142 /* Model */ = {
			isa = PBXGroup;
			children = (
				74A3BB192685F9AE001C4142 /* Landmark.swift */,
				74A3BB1B2685FCCD001C4142 /* ModelData.swift */,
				74A3BC3C2690B0FD001C4142 /* Hike.swift */,
			);
			path = Model;
			sourceTree = "<group>";
		};
		74A3BB1F2685FF0B001C4142 /* Resources */ = {
			isa = PBXGroup;
			children = (
				74A3BC3E2690B309001C4142 /* Hikes */,
				74A3BB172685F978001C4142 /* landmarkData.json */,
			);
			path = Resources;
			sourceTree = "<group>";
		};
		74A3BB282687304E001C4142 /* Helpers */ = {
			isa = PBXGroup;
			children = (
				74A3BB112685EDB8001C4142 /* CircleImage.swift */,
				74A3BB2626872E6B001C4142 /* FavoriteButton.swift */,
				74A3BB132685EF30001C4142 /* MapView.swift */,
			);
			path = Helpers;
			sourceTree = "<group>";
		};
		74A3BB2926873079001C4142 /* Landmarks */ = {
			isa = PBXGroup;
			children = (
				74A3BB22268604B6001C4142 /* LandmarkList.swift */,
				74A3BB2426860724001C4142 /* LandmarkDetail.swift */,
				74A3BB202685FFA3001C4142 /* LandmarkRow.swift */,
			);
			path = Landmarks;
			sourceTree = "<group>";
		};
		74A3BB6B268E25FF001C4142 /* Bages */ = {
			isa = PBXGroup;
			children = (
				74A3BB61268E0D28001C4142 /* HexagonParameters.swift */,
				74A3BB63268E0FB9001C4142 /* BadgeBackground.swift */,
				74A3BB65268E1E9B001C4142 /* BadgeSymbol.swift */,
				74A3BB67268E224D001C4142 /* RotatedBadgeSymbol.swift */,
				74A3BB69268E2347001C4142 /* Badge.swift */,
			);
			path = Bages;
			sourceTree = "<group>";
		};
		74A3BC3E2690B309001C4142 /* Hikes */ = {
			isa = PBXGroup;
			children = (
				74A3BC3F2690B309001C4142 /* GraphCapsule.swift */,
				74A3BC402690B309001C4142 /* HikeGraph.swift */,
				74A3BC412690B309001C4142 /* HikeDetail.swift */,
				74A3BC422690B309001C4142 /* HikeView.swift */,
			);
			path = Hikes;
			sourceTree = "<group>";
		};
/* End PBXGroup section */

/* Begin PBXNativeTarget section */
		74A3BAFE2685E713001C4142 /* Landmarks */ = {
			isa = PBXNativeTarget;
			buildConfigurationList = 74A3BB0E2685E717001C4142 /* Build configuration list for PBXNativeTarget "Landmarks" */;
			buildPhases = (
				74A3BAFB2685E713001C4142 /* Sources */,
				74A3BAFC2685E713001C4142 /* Frameworks */,
				74A3BAFD2685E713001C4142 /* Resources */,
			);
			buildRules = (
			);
			dependencies = (
			);
			name = Landmarks;
			productName = Landmarks;
			productReference = 74A3BAFF2685E713001C4142 /* Landmarks.app */;
			productType = "com.apple.product-type.application";
		};
/* End PBXNativeTarget section */

/* Begin PBXProject section */
		74A3BAF72685E713001C4142 /* Project object */ = {
			isa = PBXProject;
			attributes = {
				LastSwiftUpdateCheck = 1250;
				LastUpgradeCheck = 1250;
				TargetAttributes = {
					74A3BAFE2685E713001C4142 = {
						CreatedOnToolsVersion = 12.5.1;
					};
				};
			};
			buildConfigurationList = 74A3BAFA2685E713001C4142 /* Build configuration list for PBXProject "Landmarks" */;
			compatibilityVersion = "Xcode 9.3";
			developmentRegion = en;
			hasScannedForEncodings = 0;
			knownRegions = (
				en,
				Base,
			);
			mainGroup = 74A3BAF62685E713001C4142;
			productRefGroup = 74A3BB002685E713001C4142 /* Products */;
			projectDirPath = "";
			projectRoot = "";
			targets = (
				74A3BAFE2685E713001C4142 /* Landmarks */,
			);
		};
/* End PBXProject section */

/* Begin PBXResourcesBuildPhase section */
		74A3BAFD2685E713001C4142 /* Resources */ = {
			isa = PBXResourcesBuildPhase;
			buildActionMask = 2147483647;
			files = (
				74A3BC3B2690B0CB001C4142 /* hikeData.json in Resources */,
				74A3BB0A2685E717001C4142 /* Preview Assets.xcassets in Resources */,
				74A3BB072685E717001C4142 /* Assets.xcassets in Resources */,
				74A3BB182685F978001C4142 /* landmarkData.json in Resources */,
			);
			runOnlyForDeploymentPostprocessing = 0;
		};
/* End PBXResourcesBuildPhase section */

/* Begin PBXSourcesBuildPhase section */
		74A3BAFB2685E713001C4142 /* Sources */ = {
			isa = PBXSourcesBuildPhase;
			buildActionMask = 2147483647;
			files = (
				74A3BB052685E713001C4142 /* ContentView.swift in Sources */,
				74A3BC442690B309001C4142 /* HikeGraph.swift in Sources */,
				74A3BB6A268E2347001C4142 /* Badge.swift in Sources */,
				74A3BB142685EF30001C4142 /* MapView.swift in Sources */,
				74A3BC432690B309001C4142 /* GraphCapsule.swift in Sources */,
				74A3BB032685E713001C4142 /* LandmarksApp.swift in Sources */,
				74A3BB2726872E6B001C4142 /* FavoriteButton.swift in Sources */,
				74A3BC452690B309001C4142 /* HikeDetail.swift in Sources */,
				74A3BB62268E0D28001C4142 /* HexagonParameters.swift in Sources */,
				74A3BC3D2690B0FD001C4142 /* Hike.swift in Sources */,
				74A3BB68268E224D001C4142 /* RotatedBadgeSymbol.swift in Sources */,
				74A3BB66268E1E9B001C4142 /* BadgeSymbol.swift in Sources */,
				74A3BB23268604B6001C4142 /* LandmarkList.swift in Sources */,
				74A3BC462690B309001C4142 /* HikeView.swift in Sources */,
				74A3BB2526860724001C4142 /* LandmarkDetail.swift in Sources */,
				74A3BB64268E0FB9001C4142 /* BadgeBackground.swift in Sources */,
				74A3BB122685EDB8001C4142 /* CircleImage.swift in Sources */,
				74A3BB1A2685F9AE001C4142 /* Landmark.swift in Sources */,
				74A3BB212685FFA3001C4142 /* LandmarkRow.swift in Sources */,
				74A3BB1C2685FCCD001C4142 /* ModelData.swift in Sources */,
			);
			runOnlyForDeploymentPostprocessing = 0;
		};
/* End PBXSourcesBuildPhase section */

/* Begin XCBuildConfiguration section */
		74A3BB0C2685E717001C4142 /* Debug */ = {
			isa = XCBuildConfiguration;
			buildSettings = {
				ALWAYS_SEARCH_USER_PATHS = NO;
				CLANG_ANALYZER_NONNULL = YES;
				CLANG_ANALYZER_NUMBER_OBJECT_CONVERSION = YES_AGGRESSIVE;
				CLANG_CXX_LANGUAGE_STANDARD = "gnu++14";
				CLANG_CXX_LIBRARY = "libc++";
				CLANG_ENABLE_MODULES = YES;
				CLANG_ENABLE_OBJC_ARC = YES;
				CLANG_ENABLE_OBJC_WEAK = YES;
				CLANG_WARN_BLOCK_CAPTURE_AUTORELEASING = YES;
				CLANG_WARN_BOOL_CONVERSION = YES;
				CLANG_WARN_COMMA = YES;
				CLANG_WARN_CONSTANT_CONVERSION = YES;
				CLANG_WARN_DEPRECATED_OBJC_IMPLEMENTATIONS = YES;
				CLANG_WARN_DIRECT_OBJC_ISA_USAGE = YES_ERROR;
				CLANG_WARN_DOCUMENTATION_COMMENTS = YES;
				CLANG_WARN_EMPTY_BODY = YES;
				CLANG_WARN_ENUM_CONVERSION = YES;
				CLANG_WARN_INFINITE_RECURSION = YES;
				CLANG_WARN_INT_CONVERSION = YES;
				CLANG_WARN_NON_LITERAL_NULL_CONVERSION = YES;
				CLANG_WARN_OBJC_IMPLICIT_RETAIN_SELF = YES;
				CLANG_WARN_OBJC_LITERAL_CONVERSION = YES;
				CLANG_WARN_OBJC_ROOT_CLASS = YES_ERROR;
				CLANG_WARN_QUOTED_INCLUDE_IN_FRAMEWORK_HEADER = YES;
				CLANG_WARN_RANGE_LOOP_ANALYSIS = YES;
				CLANG_WARN_STRICT_PROTOTYPES = YES;
				CLANG_WARN_SUSPICIOUS_MOVE = YES;
				CLANG_WARN_UNGUARDED_AVAILABILITY = YES_AGGRESSIVE;
				CLANG_WARN_UNREACHABLE_CODE = YES;
				CLANG_WARN__DUPLICATE_METHOD_MATCH = YES;
				COPY_PHASE_STRIP = NO;
				DEBUG_INFORMATION_FORMAT = dwarf;
				ENABLE_STRICT_OBJC_MSGSEND = YES;
				ENABLE_TESTABILITY = YES;
				GCC_C_LANGUAGE_STANDARD = gnu11;
				GCC_DYNAMIC_NO_PIC = NO;
				GCC_NO_COMMON_BLOCKS = YES;
				GCC_OPTIMIZATION_LEVEL = 0;
				GCC_PREPROCESSOR_DEFINITIONS = (
					"DEBUG=1",
					"$(inherited)",
				);
				GCC_WARN_64_TO_32_BIT_CONVERSION = YES;
				GCC_WARN_ABOUT_RETURN_TYPE = YES_ERROR;
				GCC_WARN_UNDECLARED_SELECTOR = YES;
				GCC_WARN_UNINITIALIZED_AUTOS = YES_AGGRESSIVE;
				GCC_WARN_UNUSED_FUNCTION = YES;
				GCC_WARN_UNUSED_VARIABLE = YES;
				IPHONEOS_DEPLOYMENT_TARGET = 14.5;
				MTL_ENABLE_DEBUG_INFO = INCLUDE_SOURCE;
				MTL_FAST_MATH = YES;
				ONLY_ACTIVE_ARCH = YES;
				SDKROOT = iphoneos;
				SWIFT_ACTIVE_COMPILATION_CONDITIONS = DEBUG;
				SWIFT_OPTIMIZATION_LEVEL = "-Onone";
			};
			name = Debug;
		};
		74A3BB0D2685E717001C4142 /* Release */ = {
			isa = XCBuildConfiguration;
			buildSettings = {
				ALWAYS_SEARCH_USER_PATHS = NO;
				CLANG_ANALYZER_NONNULL = YES;
				CLANG_ANALYZER_NUMBER_OBJECT_CONVERSION = YES_AGGRESSIVE;
				CLANG_CXX_LANGUAGE_STANDARD = "gnu++14";
				CLANG_CXX_LIBRARY = "libc++";
				CLANG_ENABLE_MODULES = YES;
				CLANG_ENABLE_OBJC_ARC = YES;
				CLANG_ENABLE_OBJC_WEAK = YES;
				CLANG_WARN_BLOCK_CAPTURE_AUTORELEASING = YES;
				CLANG_WARN_BOOL_CONVERSION = YES;
				CLANG_WARN_COMMA = YES;
				CLANG_WARN_CONSTANT_CONVERSION = YES;
				CLANG_WARN_DEPRECATED_OBJC_IMPLEMENTATIONS = YES;
				CLANG_WARN_DIRECT_OBJC_ISA_USAGE = YES_ERROR;
				CLANG_WARN_DOCUMENTATION_COMMENTS = YES;
				CLANG_WARN_EMPTY_BODY = YES;
				CLANG_WARN_ENUM_CONVERSION = YES;
				CLANG_WARN_INFINITE_RECURSION = YES;
				CLANG_WARN_INT_CONVERSION = YES;
				CLANG_WARN_NON_LITERAL_NULL_CONVERSION = YES;
				CLANG_WARN_OBJC_IMPLICIT_RETAIN_SELF = YES;
				CLANG_WARN_OBJC_LITERAL_CONVERSION = YES;
				CLANG_WARN_OBJC_ROOT_CLASS = YES_ERROR;
				CLANG_WARN_QUOTED_INCLUDE_IN_FRAMEWORK_HEADER = YES;
				CLANG_WARN_RANGE_LOOP_ANALYSIS = YES;
				CLANG_WARN_STRICT_PROTOTYPES = YES;
				CLANG_WARN_SUSPICIOUS_MOVE = YES;
				CLANG_WARN_UNGUARDED_AVAILABILITY = YES_AGGRESSIVE;
				CLANG_WARN_UNREACHABLE_CODE = YES;
				CLANG_WARN__DUPLICATE_METHOD_MATCH = YES;
				COPY_PHASE_STRIP = NO;
				DEBUG_INFORMATION_FORMAT = "dwarf-with-dsym";
				ENABLE_NS_ASSERTIONS = NO;
				ENABLE_STRICT_OBJC_MSGSEND = YES;
				GCC_C_LANGUAGE_STANDARD = gnu11;
				GCC_NO_COMMON_BLOCKS = YES;
				GCC_WARN_64_TO_32_BIT_CONVERSION = YES;
				GCC_WARN_ABOUT_RETURN_TYPE = YES_ERROR;
				GCC_WARN_UNDECLARED_SELECTOR = YES;
				GCC_WARN_UNINITIALIZED_AUTOS = YES_AGGRESSIVE;
				GCC_WARN_UNUSED_FUNCTION = YES;
				GCC_WARN_UNUSED_VARIABLE = YES;
				IPHONEOS_DEPLOYMENT_TARGET = 14.5;
				MTL_ENABLE_DEBUG_INFO = NO;
				MTL_FAST_MATH = YES;
				SDKROOT = iphoneos;
				SWIFT_COMPILATION_MODE = wholemodule;
				SWIFT_OPTIMIZATION_LEVEL = "-O";
				VALIDATE_PRODUCT = YES;
			};
			name = Release;
		};
		74A3BB0F2685E717001C4142 /* Debug */ = {
			isa = XCBuildConfiguration;
			buildSettings = {
				ASSETCATALOG_COMPILER_APPICON_NAME = AppIcon;
				ASSETCATALOG_COMPILER_GLOBAL_ACCENT_COLOR_NAME = AccentColor;
				CODE_SIGN_STYLE = Automatic;
				DEVELOPMENT_ASSET_PATHS = "\"Landmarks/Preview Content\"";
				DEVELOPMENT_TEAM = 9FX9R88448;
				ENABLE_PREVIEWS = YES;
				INFOPLIST_FILE = Landmarks/Info.plist;
				IPHONEOS_DEPLOYMENT_TARGET = 14.0;
				LD_RUNPATH_SEARCH_PATHS = (
					"$(inherited)",
					"@executable_path/Frameworks",
				);
				PRODUCT_BUNDLE_IDENTIFIER = com.istomin.mikhail.91.Landmarks;
				PRODUCT_NAME = "$(TARGET_NAME)";
				SWIFT_VERSION = 5.0;
				TARGETED_DEVICE_FAMILY = "1,2";
			};
			name = Debug;
		};
		74A3BB102685E717001C4142 /* Release */ = {
			isa = XCBuildConfiguration;
			buildSettings = {
				ASSETCATALOG_COMPILER_APPICON_NAME = AppIcon;
				ASSETCATALOG_COMPILER_GLOBAL_ACCENT_COLOR_NAME = AccentColor;
				CODE_SIGN_STYLE = Automatic;
				DEVELOPMENT_ASSET_PATHS = "\"Landmarks/Preview Content\"";
				DEVELOPMENT_TEAM = 9FX9R88448;
				ENABLE_PREVIEWS = YES;
				INFOPLIST_FILE = Landmarks/Info.plist;
				IPHONEOS_DEPLOYMENT_TARGET = 14.0;
				LD_RUNPATH_SEARCH_PATHS = (
					"$(inherited)",
					"@executable_path/Frameworks",
				);
				PRODUCT_BUNDLE_IDENTIFIER = com.istomin.mikhail.91.Landmarks;
				PRODUCT_NAME = "$(TARGET_NAME)";
				SWIFT_VERSION = 5.0;
				TARGETED_DEVICE_FAMILY = "1,2";
			};
			name = Release;
		};
/* End XCBuildConfiguration section */

/* Begin XCConfigurationList section */
		74A3BAFA2685E713001C4142 /* Build configuration list for PBXProject "Landmarks" */ = {
			isa = XCConfigurationList;
			buildConfigurations = (
				74A3BB0C2685E717001C4142 /* Debug */,
				74A3BB0D2685E717001C4142 /* Release */,
			);
			defaultConfigurationIsVisible = 0;
			defaultConfigurationName = Release;
		};
		74A3BB0E2685E717001C4142 /* Build configuration list for PBXNativeTarget "Landmarks" */ = {
			isa = XCConfigurationList;
			buildConfigurations = (
				74A3BB0F2685E717001C4142 /* Debug */,
				74A3BB102685E717001C4142 /* Release */,
			);
			defaultConfigurationIsVisible = 0;
			defaultConfigurationName = Release;
		};
/* End XCConfigurationList section */
	};
	rootObject = 74A3BAF72685E713001C4142 /* Project object */;
}
